
Microsoft Visual Studio Solution File, Format Version 12.00
# Visual Studio Version 16
VisualStudioVersion = 16.0.33328.57
MinimumVisualStudioVersion = 10.0.40219.1
Project("{FAE04EC0-301F-11D3-BF4B-00C04F79EFBC}") = "PEPITOMOSQUITOVECINA", "PEPITOMOSQUITOVECINA.csproj", "{1F183117-EC23-4A96-B248-D9C54AA57A73}"
EndProject
Global
	GlobalSection(SolutionConfigurationPlatforms) = preSolution
		Debug|Any CPU = Debug|Any CPU
		Release|Any CPU = Release|Any CPU
	EndGlobalSection
	GlobalSection(ProjectConfigurationPlatforms) = postSolution
		{1F183117-EC23-4A96-B248-D9C54AA57A73}.Debug|Any CPU.ActiveCfg = Debug|Any CPU
		{1F183117-EC23-4A96-B248-D9C54AA57A73}.Debug|Any CPU.Build.0 = Debug|Any CPU
		{1F183117-EC23-4A96-B248-D9C54AA57A73}.Release|Any CPU.ActiveCfg = Release|Any CPU
		{1F183117-EC23-4A96-B248-D9C54AA57A73}.Release|Any CPU.Build.0 = Release|Any CPU
	EndGlobalSection
	GlobalSection(SolutionProperties) = preSolution
		HideSolutionNode = FALSE
	EndGlobalSection
	GlobalSection(ExtensibilityGlobals) = postSolution
		SolutionGuid = {FFB6626A-12A3-41CF-9AB3-F3AFD0BB65B1}
	EndGlobalSection
EndGlobal
